<?xml version="1.0" encoding="UTF-8" standalone="yes" ?>
<CodeBlocks_project_file>
	<FileVersion major="1" minor="6" />
	<Project>
		<Option title="VacuumFighter" />
		<Option pch_mode="2" />
		<Option compiler="gcc" />
		<Build>
			<Target title="Debug">
				<Option output="bin/Debug/VacuumFighter" prefix_auto="1" extension_auto="1" />
				<Option object_output="obj/Debug/" />
				<Option type="1" />
				<Option compiler="gcc" />
				<Option use_console_runner="0" />
				<Compiler>
					<Add option="-std=c++17" />
					<Add option="-g" />
					<Add directory="../VacuumFighter" />
					<Add directory="include" />
					<Add directory="./" />
				</Compiler>
				<Linker>
					<Add option="-lmingw32 -lSDL2main -lSDL2 -lSDL2_image" />
				</Linker>
			</Target>
			<Target title="Release">
				<Option output="bin/Release/VacuumFighter" prefix_auto="1" extension_auto="1" />
				<Option object_output="obj/Release/" />
				<Option type="1" />
				<Option compiler="gcc" />
				<Compiler>
					<Add option="-O2" />
					<Add directory="../VacuumFighter" />
					<Add directory="include" />
					<Add directory="./" />
				</Compiler>
				<Linker>
					<Add option="-s" />
					<Add option="-lmingw32 -lSDL2main -lSDL2 -lSDL2_image" />
				</Linker>
			</Target>
		</Build>
		<Compiler>
			<Add option="-Wall" />
		</Compiler>
		<Unit filename="AnimationManager.cpp" />
		<Unit filename="AnimationManager.h" />
		<Unit filename="Animations.cpp" />
		<Unit filename="Animations.h" />
		<Unit filename="Background.cpp" />
		<Unit filename="Background.h" />
		<Unit filename="Config.cpp" />
		<Unit filename="Config.h" />
		<Unit filename="Debug.h" />
		<Unit filename="FileManager.cpp" />
		<Unit filename="FileManager.h" />
		<Unit filename="GUIFuel.cpp" />
		<Unit filename="GUIFuel.h" />
		<Unit filename="GUIRadar.cpp" />
		<Unit filename="GUIRadar.h" />
		<Unit filename="Game.cpp" />
		<Unit filename="Game.h" />
		<Unit filename="GameObject.cpp" />
		<Unit filename="GameObject.h" />
		<Unit filename="Keyboard.cpp" />
		<Unit filename="Keyboard.h" />
		<Unit filename="MapManager.cpp" />
		<Unit filename="MapManager.h" />
		<Unit filename="Physics.cpp" />
		<Unit filename="Physics.h" />
		<Unit filename="PlayerMovement.cpp" />
		<Unit filename="PlayerMovement.h" />
		<Unit filename="Renderer.cpp" />
		<Unit filename="Renderer.h" />
		<Unit filename="Rules.cpp" />
		<Unit filename="Rules.h" />
		<Unit filename="SimpleConfig.cpp" />
		<Unit filename="SimpleConfig.h" />
		<Unit filename="SingleAnimation.cpp" />
		<Unit filename="SingleAnimation.h" />
		<Unit filename="TextureManager.cpp" />
		<Unit filename="TextureManager.h" />
		<Unit filename="View.cpp" />
		<Unit filename="View.h" />
		<Unit filename="Window.cpp" />
		<Unit filename="Window.h" />
		<Unit filename="World.cpp" />
		<Unit filename="World.h" />
		<Unit filename="main.cpp" />
		<Extensions>
			<lib_finder disable_auto="1" />
		</Extensions>
	</Project>
</CodeBlocks_project_file>
